Microsoft Visual Studio Solution File, Format Version 12.00
# Visual Studio 2013
Project("{8BC9CEB8-8B4A-11D0-8D11-00A0C91BC942}") = "ALL_BUILD", "ALL_BUILD.vcxproj", "{95D5F26A-BD8F-325A-AE0A-7D04B5248B6B}"
	ProjectSection(ProjectDependencies) = postProject
		{424B513A-BBEA-3A2D-8CC3-5DCD23FCD86D} = {424B513A-BBEA-3A2D-8CC3-5DCD23FCD86D}
		{BBE060DB-6D36-3010-8EC2-9CFC79C356C7} = {BBE060DB-6D36-3010-8EC2-9CFC79C356C7}
		{035F6BF5-E3BE-382D-A7FB-A089A7269137} = {035F6BF5-E3BE-382D-A7FB-A089A7269137}
		{025C1F6F-97F1-3866-90D6-75BF1F2EF068} = {025C1F6F-97F1-3866-90D6-75BF1F2EF068}
		{3DD1D307-8FB2-38C0-BE0D-55EB0F948A52} = {3DD1D307-8FB2-38C0-BE0D-55EB0F948A52}
		{011225BE-F292-3531-8615-581EC266E9B6} = {011225BE-F292-3531-8615-581EC266E9B6}
		{CA010A36-F5CA-331D-BE32-BA9F44948A69} = {CA010A36-F5CA-331D-BE32-BA9F44948A69}
		{7A1E988F-37BC-3E7F-B7E9-510ABDE77B2A} = {7A1E988F-37BC-3E7F-B7E9-510ABDE77B2A}
		{BD12897D-03E1-3E4D-B5D2-70F659B74E15} = {BD12897D-03E1-3E4D-B5D2-70F659B74E15}
		{E39410C3-77B2-31C2-AF0B-830B3BA10201} = {E39410C3-77B2-31C2-AF0B-830B3BA10201}
		{3115569C-8444-3049-9C0D-29E6920BBD4A} = {3115569C-8444-3049-9C0D-29E6920BBD4A}
		{B801D66E-68A7-3D29-AC09-2540BF0315C7} = {B801D66E-68A7-3D29-AC09-2540BF0315C7}
		{BF10948F-95AC-364B-9867-BA2B1F55A18F} = {BF10948F-95AC-364B-9867-BA2B1F55A18F}
		{35F49627-0427-38D8-B9D4-62AA6DC945E6} = {35F49627-0427-38D8-B9D4-62AA6DC945E6}
		{2C9C99E6-3606-3AA6-9DA0-9F6DA2D95A23} = {2C9C99E6-3606-3AA6-9DA0-9F6DA2D95A23}
		{52EA6BEB-F7F9-3EFE-B7D8-E5BDC53A8AF9} = {52EA6BEB-F7F9-3EFE-B7D8-E5BDC53A8AF9}
		{DDB72483-B3D4-3AA4-93D7-0D1F3E5938AF} = {DDB72483-B3D4-3AA4-93D7-0D1F3E5938AF}
		{2DD93202-8F58-368A-888A-77A8F199307D} = {2DD93202-8F58-368A-888A-77A8F199307D}
		{02B778AF-A660-360F-88DF-EAB8D4600304} = {02B778AF-A660-360F-88DF-EAB8D4600304}
		{CF963A15-E654-379B-8231-FE88E412F156} = {CF963A15-E654-379B-8231-FE88E412F156}
		{C671D773-90CF-3916-B9E6-016E4F08F108} = {C671D773-90CF-3916-B9E6-016E4F08F108}
		{0D0847A1-8509-39B9-B5D2-70B0F46040AA} = {0D0847A1-8509-39B9-B5D2-70B0F46040AA}
		{0BB6A4AF-EE01-30CA-9019-B9736479C4C3} = {0BB6A4AF-EE01-30CA-9019-B9736479C4C3}
		{CDBC7175-8633-3F8C-B5CC-AE8DBA909BFA} = {CDBC7175-8633-3F8C-B5CC-AE8DBA909BFA}
		{19A79548-74E9-3101-86AF-3F47DF00F7EA} = {19A79548-74E9-3101-86AF-3F47DF00F7EA}
		{C81A01BB-12A8-3D12-A4AA-6E667B5BE6FC} = {C81A01BB-12A8-3D12-A4AA-6E667B5BE6FC}
		{96B0ED0D-0819-37A3-9B26-1A5660BCAF67} = {96B0ED0D-0819-37A3-9B26-1A5660BCAF67}
		{05D44944-30C4-3FC5-A9CA-5E1FB6ADE989} = {05D44944-30C4-3FC5-A9CA-5E1FB6ADE989}
		{CFEB6585-63A8-31B5-8A3E-78C0F0BF2423} = {CFEB6585-63A8-31B5-8A3E-78C0F0BF2423}
		{3E44C469-1376-3387-98E9-B35CFC06D381} = {3E44C469-1376-3387-98E9-B35CFC06D381}
		{EA364919-148B-3357-AF68-EABBEC970EF2} = {EA364919-148B-3357-AF68-EABBEC970EF2}
		{B2CC10D2-4BE0-326B-89F7-6979696C6F1F} = {B2CC10D2-4BE0-326B-89F7-6979696C6F1F}
		{75E5530C-4DBE-39C6-9DD5-2636BB09CF79} = {75E5530C-4DBE-39C6-9DD5-2636BB09CF79}
		{000FDD15-668A-3E65-9909-BC0E3157F1C0} = {000FDD15-668A-3E65-9909-BC0E3157F1C0}
		{9D8BF150-7F4E-38DE-A153-8800955DB6AE} = {9D8BF150-7F4E-38DE-A153-8800955DB6AE}
		{D7808CB9-97DA-3B77-AE4D-7542E426BB92} = {D7808CB9-97DA-3B77-AE4D-7542E426BB92}
		{953EE004-28FA-3C34-BA1B-95015C60FFA6} = {953EE004-28FA-3C34-BA1B-95015C60FFA6}
		{490638C7-5086-3DCA-AF69-02B650814897} = {490638C7-5086-3DCA-AF69-02B650814897}
		{90DFD1D1-281F-3322-9650-3F166924C974} = {90DFD1D1-281F-3322-9650-3F166924C974}
		{D7CF5B62-FC73-3E79-8819-73274361C5E1} = {D7CF5B62-FC73-3E79-8819-73274361C5E1}
		{3F324021-E025-3ABD-92E9-35DAFEF490D2} = {3F324021-E025-3ABD-92E9-35DAFEF490D2}
		{2B212810-4863-335F-9192-73F34577AAAA} = {2B212810-4863-335F-9192-73F34577AAAA}
	EndProjectSection
EndProject
Project("{8BC9CEB8-8B4A-11D0-8D11-00A0C91BC942}") = "AppBasicExampleGui", "examples\BasicDemo\AppBasicExampleGui.vcxproj", "{424B513A-BBEA-3A2D-8CC3-5DCD23FCD86D}"
	ProjectSection(ProjectDependencies) = postProject
		{B801D66E-68A7-3D29-AC09-2540BF0315C7} = {B801D66E-68A7-3D29-AC09-2540BF0315C7}
		{52EA6BEB-F7F9-3EFE-B7D8-E5BDC53A8AF9} = {52EA6BEB-F7F9-3EFE-B7D8-E5BDC53A8AF9}
		{DDB72483-B3D4-3AA4-93D7-0D1F3E5938AF} = {DDB72483-B3D4-3AA4-93D7-0D1F3E5938AF}
		{3E44C469-1376-3387-98E9-B35CFC06D381} = {3E44C469-1376-3387-98E9-B35CFC06D381}
		{EA364919-148B-3357-AF68-EABBEC970EF2} = {EA364919-148B-3357-AF68-EABBEC970EF2}
		{90DFD1D1-281F-3322-9650-3F166924C974} = {90DFD1D1-281F-3322-9650-3F166924C974}
	EndProjectSection
EndProject
Project("{8BC9CEB8-8B4A-11D0-8D11-00A0C91BC942}") = "App_BasicExample", "examples\BasicDemo\App_BasicExample.vcxproj", "{BBE060DB-6D36-3010-8EC2-9CFC79C356C7}"
	ProjectSection(ProjectDependencies) = postProject
		{52EA6BEB-F7F9-3EFE-B7D8-E5BDC53A8AF9} = {52EA6BEB-F7F9-3EFE-B7D8-E5BDC53A8AF9}
		{DDB72483-B3D4-3AA4-93D7-0D1F3E5938AF} = {DDB72483-B3D4-3AA4-93D7-0D1F3E5938AF}
		{3E44C469-1376-3387-98E9-B35CFC06D381} = {3E44C469-1376-3387-98E9-B35CFC06D381}
		{90DFD1D1-281F-3322-9650-3F166924C974} = {90DFD1D1-281F-3322-9650-3F166924C974}
	EndProjectSection
EndProject
Project("{8BC9CEB8-8B4A-11D0-8D11-00A0C91BC942}") = "App_ExampleBrowser", "examples\ExampleBrowser\App_ExampleBrowser.vcxproj", "{035F6BF5-E3BE-382D-A7FB-A089A7269137}"
	ProjectSection(ProjectDependencies) = postProject
		{B801D66E-68A7-3D29-AC09-2540BF0315C7} = {B801D66E-68A7-3D29-AC09-2540BF0315C7}
		{52EA6BEB-F7F9-3EFE-B7D8-E5BDC53A8AF9} = {52EA6BEB-F7F9-3EFE-B7D8-E5BDC53A8AF9}
		{DDB72483-B3D4-3AA4-93D7-0D1F3E5938AF} = {DDB72483-B3D4-3AA4-93D7-0D1F3E5938AF}
		{2DD93202-8F58-368A-888A-77A8F199307D} = {2DD93202-8F58-368A-888A-77A8F199307D}
		{CF963A15-E654-379B-8231-FE88E412F156} = {CF963A15-E654-379B-8231-FE88E412F156}
		{C671D773-90CF-3916-B9E6-016E4F08F108} = {C671D773-90CF-3916-B9E6-016E4F08F108}
		{0BB6A4AF-EE01-30CA-9019-B9736479C4C3} = {0BB6A4AF-EE01-30CA-9019-B9736479C4C3}
		{C81A01BB-12A8-3D12-A4AA-6E667B5BE6FC} = {C81A01BB-12A8-3D12-A4AA-6E667B5BE6FC}
		{3E44C469-1376-3387-98E9-B35CFC06D381} = {3E44C469-1376-3387-98E9-B35CFC06D381}
		{EA364919-148B-3357-AF68-EABBEC970EF2} = {EA364919-148B-3357-AF68-EABBEC970EF2}
		{90DFD1D1-281F-3322-9650-3F166924C974} = {90DFD1D1-281F-3322-9650-3F166924C974}
		{2B212810-4863-335F-9192-73F34577AAAA} = {2B212810-4863-335F-9192-73F34577AAAA}
	EndProjectSection
EndProject
Project("{8BC9CEB8-8B4A-11D0-8D11-00A0C91BC942}") = "App_HelloWorld", "examples\HelloWorld\App_HelloWorld.vcxproj", "{025C1F6F-97F1-3866-90D6-75BF1F2EF068}"
	ProjectSection(ProjectDependencies) = postProject
		{52EA6BEB-F7F9-3EFE-B7D8-E5BDC53A8AF9} = {52EA6BEB-F7F9-3EFE-B7D8-E5BDC53A8AF9}
		{DDB72483-B3D4-3AA4-93D7-0D1F3E5938AF} = {DDB72483-B3D4-3AA4-93D7-0D1F3E5938AF}
		{3E44C469-1376-3387-98E9-B35CFC06D381} = {3E44C469-1376-3387-98E9-B35CFC06D381}
		{90DFD1D1-281F-3322-9650-3F166924C974} = {90DFD1D1-281F-3322-9650-3F166924C974}
	EndProjectSection
EndProject
Project("{8BC9CEB8-8B4A-11D0-8D11-00A0C91BC942}") = "App_PhysicsServer_SharedMemory", "examples\SharedMemory\App_PhysicsServer_SharedMemory.vcxproj", "{3DD1D307-8FB2-38C0-BE0D-55EB0F948A52}"
	ProjectSection(ProjectDependencies) = postProject
		{B801D66E-68A7-3D29-AC09-2540BF0315C7} = {B801D66E-68A7-3D29-AC09-2540BF0315C7}
		{52EA6BEB-F7F9-3EFE-B7D8-E5BDC53A8AF9} = {52EA6BEB-F7F9-3EFE-B7D8-E5BDC53A8AF9}
		{DDB72483-B3D4-3AA4-93D7-0D1F3E5938AF} = {DDB72483-B3D4-3AA4-93D7-0D1F3E5938AF}
		{02B778AF-A660-360F-88DF-EAB8D4600304} = {02B778AF-A660-360F-88DF-EAB8D4600304}
		{CF963A15-E654-379B-8231-FE88E412F156} = {CF963A15-E654-379B-8231-FE88E412F156}
		{C671D773-90CF-3916-B9E6-016E4F08F108} = {C671D773-90CF-3916-B9E6-016E4F08F108}
		{CDBC7175-8633-3F8C-B5CC-AE8DBA909BFA} = {CDBC7175-8633-3F8C-B5CC-AE8DBA909BFA}
		{C81A01BB-12A8-3D12-A4AA-6E667B5BE6FC} = {C81A01BB-12A8-3D12-A4AA-6E667B5BE6FC}
		{3E44C469-1376-3387-98E9-B35CFC06D381} = {3E44C469-1376-3387-98E9-B35CFC06D381}
		{90DFD1D1-281F-3322-9650-3F166924C974} = {90DFD1D1-281F-3322-9650-3F166924C974}
	EndProjectSection
EndProject
Project("{8BC9CEB8-8B4A-11D0-8D11-00A0C91BC942}") = "App_PhysicsServer_SharedMemory_GUI", "examples\SharedMemory\App_PhysicsServer_SharedMemory_GUI.vcxproj", "{011225BE-F292-3531-8615-581EC266E9B6}"
	ProjectSection(ProjectDependencies) = postProject
		{B801D66E-68A7-3D29-AC09-2540BF0315C7} = {B801D66E-68A7-3D29-AC09-2540BF0315C7}
		{52EA6BEB-F7F9-3EFE-B7D8-E5BDC53A8AF9} = {52EA6BEB-F7F9-3EFE-B7D8-E5BDC53A8AF9}
		{DDB72483-B3D4-3AA4-93D7-0D1F3E5938AF} = {DDB72483-B3D4-3AA4-93D7-0D1F3E5938AF}
		{02B778AF-A660-360F-88DF-EAB8D4600304} = {02B778AF-A660-360F-88DF-EAB8D4600304}
		{CF963A15-E654-379B-8231-FE88E412F156} = {CF963A15-E654-379B-8231-FE88E412F156}
		{C671D773-90CF-3916-B9E6-016E4F08F108} = {C671D773-90CF-3916-B9E6-016E4F08F108}
		{CDBC7175-8633-3F8C-B5CC-AE8DBA909BFA} = {CDBC7175-8633-3F8C-B5CC-AE8DBA909BFA}
		{C81A01BB-12A8-3D12-A4AA-6E667B5BE6FC} = {C81A01BB-12A8-3D12-A4AA-6E667B5BE6FC}
		{3E44C469-1376-3387-98E9-B35CFC06D381} = {3E44C469-1376-3387-98E9-B35CFC06D381}
		{EA364919-148B-3357-AF68-EABBEC970EF2} = {EA364919-148B-3357-AF68-EABBEC970EF2}
		{90DFD1D1-281F-3322-9650-3F166924C974} = {90DFD1D1-281F-3322-9650-3F166924C974}
	EndProjectSection
EndProject
Project("{8BC9CEB8-8B4A-11D0-8D11-00A0C91BC942}") = "App_PhysicsServer_SharedMemory_VR", "examples\SharedMemory\App_PhysicsServer_SharedMemory_VR.vcxproj", "{CA010A36-F5CA-331D-BE32-BA9F44948A69}"
	ProjectSection(ProjectDependencies) = postProject
		{B801D66E-68A7-3D29-AC09-2540BF0315C7} = {B801D66E-68A7-3D29-AC09-2540BF0315C7}
		{52EA6BEB-F7F9-3EFE-B7D8-E5BDC53A8AF9} = {52EA6BEB-F7F9-3EFE-B7D8-E5BDC53A8AF9}
		{DDB72483-B3D4-3AA4-93D7-0D1F3E5938AF} = {DDB72483-B3D4-3AA4-93D7-0D1F3E5938AF}
		{02B778AF-A660-360F-88DF-EAB8D4600304} = {02B778AF-A660-360F-88DF-EAB8D4600304}
		{CF963A15-E654-379B-8231-FE88E412F156} = {CF963A15-E654-379B-8231-FE88E412F156}
		{C671D773-90CF-3916-B9E6-016E4F08F108} = {C671D773-90CF-3916-B9E6-016E4F08F108}
		{CDBC7175-8633-3F8C-B5CC-AE8DBA909BFA} = {CDBC7175-8633-3F8C-B5CC-AE8DBA909BFA}
		{C81A01BB-12A8-3D12-A4AA-6E667B5BE6FC} = {C81A01BB-12A8-3D12-A4AA-6E667B5BE6FC}
		{3E44C469-1376-3387-98E9-B35CFC06D381} = {3E44C469-1376-3387-98E9-B35CFC06D381}
		{EA364919-148B-3357-AF68-EABBEC970EF2} = {EA364919-148B-3357-AF68-EABBEC970EF2}
		{90DFD1D1-281F-3322-9650-3F166924C974} = {90DFD1D1-281F-3322-9650-3F166924C974}
	EndProjectSection
EndProject
Project("{8BC9CEB8-8B4A-11D0-8D11-00A0C91BC942}") = "App_RobotSimulator", "examples\RobotSimulator\App_RobotSimulator.vcxproj", "{7A1E988F-37BC-3E7F-B7E9-510ABDE77B2A}"
	ProjectSection(ProjectDependencies) = postProject
		{B801D66E-68A7-3D29-AC09-2540BF0315C7} = {B801D66E-68A7-3D29-AC09-2540BF0315C7}
		{52EA6BEB-F7F9-3EFE-B7D8-E5BDC53A8AF9} = {52EA6BEB-F7F9-3EFE-B7D8-E5BDC53A8AF9}
		{DDB72483-B3D4-3AA4-93D7-0D1F3E5938AF} = {DDB72483-B3D4-3AA4-93D7-0D1F3E5938AF}
		{2DD93202-8F58-368A-888A-77A8F199307D} = {2DD93202-8F58-368A-888A-77A8F199307D}
		{02B778AF-A660-360F-88DF-EAB8D4600304} = {02B778AF-A660-360F-88DF-EAB8D4600304}
		{CF963A15-E654-379B-8231-FE88E412F156} = {CF963A15-E654-379B-8231-FE88E412F156}
		{C671D773-90CF-3916-B9E6-016E4F08F108} = {C671D773-90CF-3916-B9E6-016E4F08F108}
		{0BB6A4AF-EE01-30CA-9019-B9736479C4C3} = {0BB6A4AF-EE01-30CA-9019-B9736479C4C3}
		{CDBC7175-8633-3F8C-B5CC-AE8DBA909BFA} = {CDBC7175-8633-3F8C-B5CC-AE8DBA909BFA}
		{C81A01BB-12A8-3D12-A4AA-6E667B5BE6FC} = {C81A01BB-12A8-3D12-A4AA-6E667B5BE6FC}
		{3E44C469-1376-3387-98E9-B35CFC06D381} = {3E44C469-1376-3387-98E9-B35CFC06D381}
		{EA364919-148B-3357-AF68-EABBEC970EF2} = {EA364919-148B-3357-AF68-EABBEC970EF2}
		{90DFD1D1-281F-3322-9650-3F166924C974} = {90DFD1D1-281F-3322-9650-3F166924C974}
		{2B212810-4863-335F-9192-73F34577AAAA} = {2B212810-4863-335F-9192-73F34577AAAA}
	EndProjectSection
EndProject
Project("{8BC9CEB8-8B4A-11D0-8D11-00A0C91BC942}") = "App_obj2sdf", "Extras\obj2sdf\App_obj2sdf.vcxproj", "{BD12897D-03E1-3E4D-B5D2-70F659B74E15}"
	ProjectSection(ProjectDependencies) = postProject
		{B801D66E-68A7-3D29-AC09-2540BF0315C7} = {B801D66E-68A7-3D29-AC09-2540BF0315C7}
		{90DFD1D1-281F-3322-9650-3F166924C974} = {90DFD1D1-281F-3322-9650-3F166924C974}
	EndProjectSection
EndProject
Project("{8BC9CEB8-8B4A-11D0-8D11-00A0C91BC942}") = "Bullet2FileLoader", "src\Bullet3Serialize\Bullet2FileLoader\Bullet2FileLoader.vcxproj", "{E39410C3-77B2-31C2-AF0B-830B3BA10201}"
	ProjectSection(ProjectDependencies) = postProject
		{90DFD1D1-281F-3322-9650-3F166924C974} = {90DFD1D1-281F-3322-9650-3F166924C974}
	EndProjectSection
EndProject
Project("{8BC9CEB8-8B4A-11D0-8D11-00A0C91BC942}") = "Bullet3Collision", "src\Bullet3Collision\Bullet3Collision.vcxproj", "{3115569C-8444-3049-9C0D-29E6920BBD4A}"
	ProjectSection(ProjectDependencies) = postProject
		{90DFD1D1-281F-3322-9650-3F166924C974} = {90DFD1D1-281F-3322-9650-3F166924C974}
	EndProjectSection
EndProject
Project("{8BC9CEB8-8B4A-11D0-8D11-00A0C91BC942}") = "Bullet3Common", "src\Bullet3Common\Bullet3Common.vcxproj", "{B801D66E-68A7-3D29-AC09-2540BF0315C7}"
	ProjectSection(ProjectDependencies) = postProject
		{90DFD1D1-281F-3322-9650-3F166924C974} = {90DFD1D1-281F-3322-9650-3F166924C974}
	EndProjectSection
EndProject
Project("{8BC9CEB8-8B4A-11D0-8D11-00A0C91BC942}") = "Bullet3Dynamics", "src\Bullet3Dynamics\Bullet3Dynamics.vcxproj", "{BF10948F-95AC-364B-9867-BA2B1F55A18F}"
	ProjectSection(ProjectDependencies) = postProject
		{90DFD1D1-281F-3322-9650-3F166924C974} = {90DFD1D1-281F-3322-9650-3F166924C974}
	EndProjectSection
EndProject
Project("{8BC9CEB8-8B4A-11D0-8D11-00A0C91BC942}") = "Bullet3Geometry", "src\Bullet3Geometry\Bullet3Geometry.vcxproj", "{35F49627-0427-38D8-B9D4-62AA6DC945E6}"
	ProjectSection(ProjectDependencies) = postProject
		{90DFD1D1-281F-3322-9650-3F166924C974} = {90DFD1D1-281F-3322-9650-3F166924C974}
	EndProjectSection
EndProject
Project("{8BC9CEB8-8B4A-11D0-8D11-00A0C91BC942}") = "Bullet3OpenCL_clew", "src\Bullet3OpenCL\Bullet3OpenCL_clew.vcxproj", "{2C9C99E6-3606-3AA6-9DA0-9F6DA2D95A23}"
	ProjectSection(ProjectDependencies) = postProject
		{90DFD1D1-281F-3322-9650-3F166924C974} = {90DFD1D1-281F-3322-9650-3F166924C974}
	EndProjectSection
EndProject
Project("{8BC9CEB8-8B4A-11D0-8D11-00A0C91BC942}") = "BulletCollision", "src\BulletCollision\BulletCollision.vcxproj", "{52EA6BEB-F7F9-3EFE-B7D8-E5BDC53A8AF9}"
	ProjectSection(ProjectDependencies) = postProject
		{90DFD1D1-281F-3322-9650-3F166924C974} = {90DFD1D1-281F-3322-9650-3F166924C974}
	EndProjectSection
EndProject
Project("{8BC9CEB8-8B4A-11D0-8D11-00A0C91BC942}") = "BulletDynamics", "src\BulletDynamics\BulletDynamics.vcxproj", "{DDB72483-B3D4-3AA4-93D7-0D1F3E5938AF}"
	ProjectSection(ProjectDependencies) = postProject
		{90DFD1D1-281F-3322-9650-3F166924C974} = {90DFD1D1-281F-3322-9650-3F166924C974}
	EndProjectSection
EndProject
Project("{8BC9CEB8-8B4A-11D0-8D11-00A0C91BC942}") = "BulletExampleBrowserLib", "examples\ExampleBrowser\BulletExampleBrowserLib.vcxproj", "{2DD93202-8F58-368A-888A-77A8F199307D}"
	ProjectSection(ProjectDependencies) = postProject
		{90DFD1D1-281F-3322-9650-3F166924C974} = {90DFD1D1-281F-3322-9650-3F166924C974}
	EndProjectSection
EndProject
Project("{8BC9CEB8-8B4A-11D0-8D11-00A0C91BC942}") = "BulletFileLoader", "Extras\Serialize\BulletFileLoader\BulletFileLoader.vcxproj", "{02B778AF-A660-360F-88DF-EAB8D4600304}"
	ProjectSection(ProjectDependencies) = postProject
		{90DFD1D1-281F-3322-9650-3F166924C974} = {90DFD1D1-281F-3322-9650-3F166924C974}
	EndProjectSection
EndProject
Project("{8BC9CEB8-8B4A-11D0-8D11-00A0C91BC942}") = "BulletInverseDynamics", "src\BulletInverseDynamics\BulletInverseDynamics.vcxproj", "{CF963A15-E654-379B-8231-FE88E412F156}"
	ProjectSection(ProjectDependencies) = postProject
		{90DFD1D1-281F-3322-9650-3F166924C974} = {90DFD1D1-281F-3322-9650-3F166924C974}
	EndProjectSection
EndProject
Project("{8BC9CEB8-8B4A-11D0-8D11-00A0C91BC942}") = "BulletInverseDynamicsUtils", "Extras\InverseDynamics\BulletInverseDynamicsUtils.vcxproj", "{C671D773-90CF-3916-B9E6-016E4F08F108}"
	ProjectSection(ProjectDependencies) = postProject
		{90DFD1D1-281F-3322-9650-3F166924C974} = {90DFD1D1-281F-3322-9650-3F166924C974}
	EndProjectSection
EndProject
Project("{8BC9CEB8-8B4A-11D0-8D11-00A0C91BC942}") = "BulletRobotics", "Extras\BulletRobotics\BulletRobotics.vcxproj", "{0D0847A1-8509-39B9-B5D2-70B0F46040AA}"
	ProjectSection(ProjectDependencies) = postProject
		{90DFD1D1-281F-3322-9650-3F166924C974} = {90DFD1D1-281F-3322-9650-3F166924C974}
	EndProjectSection
EndProject
Project("{8BC9CEB8-8B4A-11D0-8D11-00A0C91BC942}") = "BulletSoftBody", "src\BulletSoftBody\BulletSoftBody.vcxproj", "{0BB6A4AF-EE01-30CA-9019-B9736479C4C3}"
	ProjectSection(ProjectDependencies) = postProject
		{90DFD1D1-281F-3322-9650-3F166924C974} = {90DFD1D1-281F-3322-9650-3F166924C974}
	EndProjectSection
EndProject
Project("{8BC9CEB8-8B4A-11D0-8D11-00A0C91BC942}") = "BulletWorldImporter", "Extras\Serialize\BulletWorldImporter\BulletWorldImporter.vcxproj", "{CDBC7175-8633-3F8C-B5CC-AE8DBA909BFA}"
	ProjectSection(ProjectDependencies) = postProject
		{90DFD1D1-281F-3322-9650-3F166924C974} = {90DFD1D1-281F-3322-9650-3F166924C974}
	EndProjectSection
EndProject
Project("{8BC9CEB8-8B4A-11D0-8D11-00A0C91BC942}") = "BulletXmlWorldImporter", "Extras\Serialize\BulletXmlWorldImporter\BulletXmlWorldImporter.vcxproj", "{19A79548-74E9-3101-86AF-3F47DF00F7EA}"
	ProjectSection(ProjectDependencies) = postProject
		{90DFD1D1-281F-3322-9650-3F166924C974} = {90DFD1D1-281F-3322-9650-3F166924C974}
	EndProjectSection
EndProject
Project("{8BC9CEB8-8B4A-11D0-8D11-00A0C91BC942}") = "BussIK", "examples\ThirdPartyLibs\BussIK\BussIK.vcxproj", "{C81A01BB-12A8-3D12-A4AA-6E667B5BE6FC}"
	ProjectSection(ProjectDependencies) = postProject
		{90DFD1D1-281F-3322-9650-3F166924C974} = {90DFD1D1-281F-3322-9650-3F166924C974}
	EndProjectSection
EndProject
Project("{8BC9CEB8-8B4A-11D0-8D11-00A0C91BC942}") = "ConvexDecomposition", "Extras\ConvexDecomposition\ConvexDecomposition.vcxproj", "{96B0ED0D-0819-37A3-9B26-1A5660BCAF67}"
	ProjectSection(ProjectDependencies) = postProject
		{90DFD1D1-281F-3322-9650-3F166924C974} = {90DFD1D1-281F-3322-9650-3F166924C974}
	EndProjectSection
EndProject
Project("{8BC9CEB8-8B4A-11D0-8D11-00A0C91BC942}") = "GIMPACTUtils", "Extras\GIMPACTUtils\GIMPACTUtils.vcxproj", "{05D44944-30C4-3FC5-A9CA-5E1FB6ADE989}"
	ProjectSection(ProjectDependencies) = postProject
		{90DFD1D1-281F-3322-9650-3F166924C974} = {90DFD1D1-281F-3322-9650-3F166924C974}
	EndProjectSection
EndProject
Project("{8BC9CEB8-8B4A-11D0-8D11-00A0C91BC942}") = "HACD", "Extras\HACD\HACD.vcxproj", "{CFEB6585-63A8-31B5-8A3E-78C0F0BF2423}"
	ProjectSection(ProjectDependencies) = postProject
		{90DFD1D1-281F-3322-9650-3F166924C974} = {90DFD1D1-281F-3322-9650-3F166924C974}
	EndProjectSection
EndProject
Project("{8BC9CEB8-8B4A-11D0-8D11-00A0C91BC942}") = "INSTALL", "INSTALL.vcxproj", "{28128281-4592-3D74-BCA7-82DDE3EC89CD}"
	ProjectSection(ProjectDependencies) = postProject
		{95D5F26A-BD8F-325A-AE0A-7D04B5248B6B} = {95D5F26A-BD8F-325A-AE0A-7D04B5248B6B}
		{90DFD1D1-281F-3322-9650-3F166924C974} = {90DFD1D1-281F-3322-9650-3F166924C974}
	EndProjectSection
EndProject
Project("{8BC9CEB8-8B4A-11D0-8D11-00A0C91BC942}") = "LinearMath", "src\LinearMath\LinearMath.vcxproj", "{3E44C469-1376-3387-98E9-B35CFC06D381}"
	ProjectSection(ProjectDependencies) = postProject
		{90DFD1D1-281F-3322-9650-3F166924C974} = {90DFD1D1-281F-3322-9650-3F166924C974}
	EndProjectSection
EndProject
Project("{8BC9CEB8-8B4A-11D0-8D11-00A0C91BC942}") = "OpenGLWindow", "examples\OpenGLWindow\OpenGLWindow.vcxproj", "{EA364919-148B-3357-AF68-EABBEC970EF2}"
	ProjectSection(ProjectDependencies) = postProject
		{90DFD1D1-281F-3322-9650-3F166924C974} = {90DFD1D1-281F-3322-9650-3F166924C974}
	EndProjectSection
EndProject
Project("{8BC9CEB8-8B4A-11D0-8D11-00A0C91BC942}") = "RUN_TESTS", "RUN_TESTS.vcxproj", "{C9E64E24-7D9E-33FA-A39D-D52DD34CA138}"
	ProjectSection(ProjectDependencies) = postProject
		{90DFD1D1-281F-3322-9650-3F166924C974} = {90DFD1D1-281F-3322-9650-3F166924C974}
	EndProjectSection
EndProject
Project("{8BC9CEB8-8B4A-11D0-8D11-00A0C91BC942}") = "Test_BulletDynamics", "test\BulletDynamics\pendulum\Test_BulletDynamics.vcxproj", "{B2CC10D2-4BE0-326B-89F7-6979696C6F1F}"
	ProjectSection(ProjectDependencies) = postProject
		{52EA6BEB-F7F9-3EFE-B7D8-E5BDC53A8AF9} = {52EA6BEB-F7F9-3EFE-B7D8-E5BDC53A8AF9}
		{DDB72483-B3D4-3AA4-93D7-0D1F3E5938AF} = {DDB72483-B3D4-3AA4-93D7-0D1F3E5938AF}
		{3E44C469-1376-3387-98E9-B35CFC06D381} = {3E44C469-1376-3387-98E9-B35CFC06D381}
		{90DFD1D1-281F-3322-9650-3F166924C974} = {90DFD1D1-281F-3322-9650-3F166924C974}
		{3F324021-E025-3ABD-92E9-35DAFEF490D2} = {3F324021-E025-3ABD-92E9-35DAFEF490D2}
	EndProjectSection
EndProject
Project("{8BC9CEB8-8B4A-11D0-8D11-00A0C91BC942}") = "Test_BulletInverseDynamics", "test\InverseDynamics\Test_BulletInverseDynamics.vcxproj", "{75E5530C-4DBE-39C6-9DD5-2636BB09CF79}"
	ProjectSection(ProjectDependencies) = postProject
		{B801D66E-68A7-3D29-AC09-2540BF0315C7} = {B801D66E-68A7-3D29-AC09-2540BF0315C7}
		{52EA6BEB-F7F9-3EFE-B7D8-E5BDC53A8AF9} = {52EA6BEB-F7F9-3EFE-B7D8-E5BDC53A8AF9}
		{DDB72483-B3D4-3AA4-93D7-0D1F3E5938AF} = {DDB72483-B3D4-3AA4-93D7-0D1F3E5938AF}
		{CF963A15-E654-379B-8231-FE88E412F156} = {CF963A15-E654-379B-8231-FE88E412F156}
		{C671D773-90CF-3916-B9E6-016E4F08F108} = {C671D773-90CF-3916-B9E6-016E4F08F108}
		{3E44C469-1376-3387-98E9-B35CFC06D381} = {3E44C469-1376-3387-98E9-B35CFC06D381}
		{90DFD1D1-281F-3322-9650-3F166924C974} = {90DFD1D1-281F-3322-9650-3F166924C974}
		{3F324021-E025-3ABD-92E9-35DAFEF490D2} = {3F324021-E025-3ABD-92E9-35DAFEF490D2}
	EndProjectSection
EndProject
Project("{8BC9CEB8-8B4A-11D0-8D11-00A0C91BC942}") = "Test_BulletInverseDynamicsJacobian", "test\InverseDynamics\Test_BulletInverseDynamicsJacobian.vcxproj", "{000FDD15-668A-3E65-9909-BC0E3157F1C0}"
	ProjectSection(ProjectDependencies) = postProject
		{B801D66E-68A7-3D29-AC09-2540BF0315C7} = {B801D66E-68A7-3D29-AC09-2540BF0315C7}
		{CF963A15-E654-379B-8231-FE88E412F156} = {CF963A15-E654-379B-8231-FE88E412F156}
		{C671D773-90CF-3916-B9E6-016E4F08F108} = {C671D773-90CF-3916-B9E6-016E4F08F108}
		{3E44C469-1376-3387-98E9-B35CFC06D381} = {3E44C469-1376-3387-98E9-B35CFC06D381}
		{90DFD1D1-281F-3322-9650-3F166924C974} = {90DFD1D1-281F-3322-9650-3F166924C974}
		{3F324021-E025-3ABD-92E9-35DAFEF490D2} = {3F324021-E025-3ABD-92E9-35DAFEF490D2}
	EndProjectSection
EndProject
Project("{8BC9CEB8-8B4A-11D0-8D11-00A0C91BC942}") = "Test_BulletInverseForwardDynamics", "test\InverseDynamics\Test_BulletInverseForwardDynamics.vcxproj", "{9D8BF150-7F4E-38DE-A153-8800955DB6AE}"
	ProjectSection(ProjectDependencies) = postProject
		{B801D66E-68A7-3D29-AC09-2540BF0315C7} = {B801D66E-68A7-3D29-AC09-2540BF0315C7}
		{52EA6BEB-F7F9-3EFE-B7D8-E5BDC53A8AF9} = {52EA6BEB-F7F9-3EFE-B7D8-E5BDC53A8AF9}
		{DDB72483-B3D4-3AA4-93D7-0D1F3E5938AF} = {DDB72483-B3D4-3AA4-93D7-0D1F3E5938AF}
		{CF963A15-E654-379B-8231-FE88E412F156} = {CF963A15-E654-379B-8231-FE88E412F156}
		{C671D773-90CF-3916-B9E6-016E4F08F108} = {C671D773-90CF-3916-B9E6-016E4F08F108}
		{3E44C469-1376-3387-98E9-B35CFC06D381} = {3E44C469-1376-3387-98E9-B35CFC06D381}
		{90DFD1D1-281F-3322-9650-3F166924C974} = {90DFD1D1-281F-3322-9650-3F166924C974}
		{3F324021-E025-3ABD-92E9-35DAFEF490D2} = {3F324021-E025-3ABD-92E9-35DAFEF490D2}
	EndProjectSection
EndProject
Project("{8BC9CEB8-8B4A-11D0-8D11-00A0C91BC942}") = "Test_Collision", "test\collision\Test_Collision.vcxproj", "{D7808CB9-97DA-3B77-AE4D-7542E426BB92}"
	ProjectSection(ProjectDependencies) = postProject
		{3E44C469-1376-3387-98E9-B35CFC06D381} = {3E44C469-1376-3387-98E9-B35CFC06D381}
		{90DFD1D1-281F-3322-9650-3F166924C974} = {90DFD1D1-281F-3322-9650-3F166924C974}
		{3F324021-E025-3ABD-92E9-35DAFEF490D2} = {3F324021-E025-3ABD-92E9-35DAFEF490D2}
	EndProjectSection
EndProject
Project("{8BC9CEB8-8B4A-11D0-8D11-00A0C91BC942}") = "Test_PhysicsClientServer", "test\SharedMemory\Test_PhysicsClientServer.vcxproj", "{953EE004-28FA-3C34-BA1B-95015C60FFA6}"
	ProjectSection(ProjectDependencies) = postProject
		{B801D66E-68A7-3D29-AC09-2540BF0315C7} = {B801D66E-68A7-3D29-AC09-2540BF0315C7}
		{52EA6BEB-F7F9-3EFE-B7D8-E5BDC53A8AF9} = {52EA6BEB-F7F9-3EFE-B7D8-E5BDC53A8AF9}
		{DDB72483-B3D4-3AA4-93D7-0D1F3E5938AF} = {DDB72483-B3D4-3AA4-93D7-0D1F3E5938AF}
		{02B778AF-A660-360F-88DF-EAB8D4600304} = {02B778AF-A660-360F-88DF-EAB8D4600304}
		{CF963A15-E654-379B-8231-FE88E412F156} = {CF963A15-E654-379B-8231-FE88E412F156}
		{C671D773-90CF-3916-B9E6-016E4F08F108} = {C671D773-90CF-3916-B9E6-016E4F08F108}
		{CDBC7175-8633-3F8C-B5CC-AE8DBA909BFA} = {CDBC7175-8633-3F8C-B5CC-AE8DBA909BFA}
		{C81A01BB-12A8-3D12-A4AA-6E667B5BE6FC} = {C81A01BB-12A8-3D12-A4AA-6E667B5BE6FC}
		{3E44C469-1376-3387-98E9-B35CFC06D381} = {3E44C469-1376-3387-98E9-B35CFC06D381}
		{90DFD1D1-281F-3322-9650-3F166924C974} = {90DFD1D1-281F-3322-9650-3F166924C974}
		{3F324021-E025-3ABD-92E9-35DAFEF490D2} = {3F324021-E025-3ABD-92E9-35DAFEF490D2}
	EndProjectSection
EndProject
Project("{8BC9CEB8-8B4A-11D0-8D11-00A0C91BC942}") = "Test_btKinematicCharacterController", "test\BulletDynamics\Test_btKinematicCharacterController.vcxproj", "{490638C7-5086-3DCA-AF69-02B650814897}"
	ProjectSection(ProjectDependencies) = postProject
		{52EA6BEB-F7F9-3EFE-B7D8-E5BDC53A8AF9} = {52EA6BEB-F7F9-3EFE-B7D8-E5BDC53A8AF9}
		{DDB72483-B3D4-3AA4-93D7-0D1F3E5938AF} = {DDB72483-B3D4-3AA4-93D7-0D1F3E5938AF}
		{3E44C469-1376-3387-98E9-B35CFC06D381} = {3E44C469-1376-3387-98E9-B35CFC06D381}
		{90DFD1D1-281F-3322-9650-3F166924C974} = {90DFD1D1-281F-3322-9650-3F166924C974}
		{3F324021-E025-3ABD-92E9-35DAFEF490D2} = {3F324021-E025-3ABD-92E9-35DAFEF490D2}
	EndProjectSection
EndProject
Project("{8BC9CEB8-8B4A-11D0-8D11-00A0C91BC942}") = "ZERO_CHECK", "ZERO_CHECK.vcxproj", "{90DFD1D1-281F-3322-9650-3F166924C974}"
	ProjectSection(ProjectDependencies) = postProject
	EndProjectSection
EndProject
Project("{8BC9CEB8-8B4A-11D0-8D11-00A0C91BC942}") = "clsocket", "examples\ThirdPartyLibs\clsocket\clsocket.vcxproj", "{D7CF5B62-FC73-3E79-8819-73274361C5E1}"
	ProjectSection(ProjectDependencies) = postProject
		{90DFD1D1-281F-3322-9650-3F166924C974} = {90DFD1D1-281F-3322-9650-3F166924C974}
	EndProjectSection
EndProject
Project("{8BC9CEB8-8B4A-11D0-8D11-00A0C91BC942}") = "gtest", "test\gtest-1.7.0\gtest.vcxproj", "{3F324021-E025-3ABD-92E9-35DAFEF490D2}"
	ProjectSection(ProjectDependencies) = postProject
		{90DFD1D1-281F-3322-9650-3F166924C974} = {90DFD1D1-281F-3322-9650-3F166924C974}
	EndProjectSection
EndProject
Project("{8BC9CEB8-8B4A-11D0-8D11-00A0C91BC942}") = "gwen", "examples\ThirdPartyLibs\Gwen\gwen.vcxproj", "{2B212810-4863-335F-9192-73F34577AAAA}"
	ProjectSection(ProjectDependencies) = postProject
		{90DFD1D1-281F-3322-9650-3F166924C974} = {90DFD1D1-281F-3322-9650-3F166924C974}
	EndProjectSection
EndProject
Global
	GlobalSection(SolutionConfigurationPlatforms) = preSolution
		Debug|Win32 = Debug|Win32
		Release|Win32 = Release|Win32
		MinSizeRel|Win32 = MinSizeRel|Win32
		RelWithDebInfo|Win32 = RelWithDebInfo|Win32
	EndGlobalSection
	GlobalSection(ProjectConfigurationPlatforms) = postSolution
		{95D5F26A-BD8F-325A-AE0A-7D04B5248B6B}.Debug|Win32.ActiveCfg = Debug|Win32
		{95D5F26A-BD8F-325A-AE0A-7D04B5248B6B}.Debug|Win32.Build.0 = Debug|Win32
		{95D5F26A-BD8F-325A-AE0A-7D04B5248B6B}.Release|Win32.ActiveCfg = Release|Win32
		{95D5F26A-BD8F-325A-AE0A-7D04B5248B6B}.Release|Win32.Build.0 = Release|Win32
		{95D5F26A-BD8F-325A-AE0A-7D04B5248B6B}.MinSizeRel|Win32.ActiveCfg = MinSizeRel|Win32
		{95D5F26A-BD8F-325A-AE0A-7D04B5248B6B}.MinSizeRel|Win32.Build.0 = MinSizeRel|Win32
		{95D5F26A-BD8F-325A-AE0A-7D04B5248B6B}.RelWithDebInfo|Win32.ActiveCfg = RelWithDebInfo|Win32
		{95D5F26A-BD8F-325A-AE0A-7D04B5248B6B}.RelWithDebInfo|Win32.Build.0 = RelWithDebInfo|Win32
		{424B513A-BBEA-3A2D-8CC3-5DCD23FCD86D}.Debug|Win32.ActiveCfg = Debug|Win32
		{424B513A-BBEA-3A2D-8CC3-5DCD23FCD86D}.Debug|Win32.Build.0 = Debug|Win32
		{424B513A-BBEA-3A2D-8CC3-5DCD23FCD86D}.Release|Win32.ActiveCfg = Release|Win32
		{424B513A-BBEA-3A2D-8CC3-5DCD23FCD86D}.Release|Win32.Build.0 = Release|Win32
		{424B513A-BBEA-3A2D-8CC3-5DCD23FCD86D}.MinSizeRel|Win32.ActiveCfg = MinSizeRel|Win32
		{424B513A-BBEA-3A2D-8CC3-5DCD23FCD86D}.MinSizeRel|Win32.Build.0 = MinSizeRel|Win32
		{424B513A-BBEA-3A2D-8CC3-5DCD23FCD86D}.RelWithDebInfo|Win32.ActiveCfg = RelWithDebInfo|Win32
		{424B513A-BBEA-3A2D-8CC3-5DCD23FCD86D}.RelWithDebInfo|Win32.Build.0 = RelWithDebInfo|Win32
		{BBE060DB-6D36-3010-8EC2-9CFC79C356C7}.Debug|Win32.ActiveCfg = Debug|Win32
		{BBE060DB-6D36-3010-8EC2-9CFC79C356C7}.Debug|Win32.Build.0 = Debug|Win32
		{BBE060DB-6D36-3010-8EC2-9CFC79C356C7}.Release|Win32.ActiveCfg = Release|Win32
		{BBE060DB-6D36-3010-8EC2-9CFC79C356C7}.Release|Win32.Build.0 = Release|Win32
		{BBE060DB-6D36-3010-8EC2-9CFC79C356C7}.MinSizeRel|Win32.ActiveCfg = MinSizeRel|Win32
		{BBE060DB-6D36-3010-8EC2-9CFC79C356C7}.MinSizeRel|Win32.Build.0 = MinSizeRel|Win32
		{BBE060DB-6D36-3010-8EC2-9CFC79C356C7}.RelWithDebInfo|Win32.ActiveCfg = RelWithDebInfo|Win32
		{BBE060DB-6D36-3010-8EC2-9CFC79C356C7}.RelWithDebInfo|Win32.Build.0 = RelWithDebInfo|Win32
		{035F6BF5-E3BE-382D-A7FB-A089A7269137}.Debug|Win32.ActiveCfg = Debug|Win32
		{035F6BF5-E3BE-382D-A7FB-A089A7269137}.Debug|Win32.Build.0 = Debug|Win32
		{035F6BF5-E3BE-382D-A7FB-A089A7269137}.Release|Win32.ActiveCfg = Release|Win32
		{035F6BF5-E3BE-382D-A7FB-A089A7269137}.Release|Win32.Build.0 = Release|Win32
		{035F6BF5-E3BE-382D-A7FB-A089A7269137}.MinSizeRel|Win32.ActiveCfg = MinSizeRel|Win32
		{035F6BF5-E3BE-382D-A7FB-A089A7269137}.MinSizeRel|Win32.Build.0 = MinSizeRel|Win32
		{035F6BF5-E3BE-382D-A7FB-A089A7269137}.RelWithDebInfo|Win32.ActiveCfg = RelWithDebInfo|Win32
		{035F6BF5-E3BE-382D-A7FB-A089A7269137}.RelWithDebInfo|Win32.Build.0 = RelWithDebInfo|Win32
		{025C1F6F-97F1-3866-90D6-75BF1F2EF068}.Debug|Win32.ActiveCfg = Debug|Win32
		{025C1F6F-97F1-3866-90D6-75BF1F2EF068}.Debug|Win32.Build.0 = Debug|Win32
		{025C1F6F-97F1-3866-90D6-75BF1F2EF068}.Release|Win32.ActiveCfg = Release|Win32
		{025C1F6F-97F1-3866-90D6-75BF1F2EF068}.Release|Win32.Build.0 = Release|Win32
		{025C1F6F-97F1-3866-90D6-75BF1F2EF068}.MinSizeRel|Win32.ActiveCfg = MinSizeRel|Win32
		{025C1F6F-97F1-3866-90D6-75BF1F2EF068}.MinSizeRel|Win32.Build.0 = MinSizeRel|Win32
		{025C1F6F-97F1-3866-90D6-75BF1F2EF068}.RelWithDebInfo|Win32.ActiveCfg = RelWithDebInfo|Win32
		{025C1F6F-97F1-3866-90D6-75BF1F2EF068}.RelWithDebInfo|Win32.Build.0 = RelWithDebInfo|Win32
		{3DD1D307-8FB2-38C0-BE0D-55EB0F948A52}.Debug|Win32.ActiveCfg = Debug|Win32
		{3DD1D307-8FB2-38C0-BE0D-55EB0F948A52}.Debug|Win32.Build.0 = Debug|Win32
		{3DD1D307-8FB2-38C0-BE0D-55EB0F948A52}.Release|Win32.ActiveCfg = Release|Win32
		{3DD1D307-8FB2-38C0-BE0D-55EB0F948A52}.Release|Win32.Build.0 = Release|Win32
		{3DD1D307-8FB2-38C0-BE0D-55EB0F948A52}.MinSizeRel|Win32.ActiveCfg = MinSizeRel|Win32
		{3DD1D307-8FB2-38C0-BE0D-55EB0F948A52}.MinSizeRel|Win32.Build.0 = MinSizeRel|Win32
		{3DD1D307-8FB2-38C0-BE0D-55EB0F948A52}.RelWithDebInfo|Win32.ActiveCfg = RelWithDebInfo|Win32
		{3DD1D307-8FB2-38C0-BE0D-55EB0F948A52}.RelWithDebInfo|Win32.Build.0 = RelWithDebInfo|Win32
		{011225BE-F292-3531-8615-581EC266E9B6}.Debug|Win32.ActiveCfg = Debug|Win32
		{011225BE-F292-3531-8615-581EC266E9B6}.Debug|Win32.Build.0 = Debug|Win32
		{011225BE-F292-3531-8615-581EC266E9B6}.Release|Win32.ActiveCfg = Release|Win32
		{011225BE-F292-3531-8615-581EC266E9B6}.Release|Win32.Build.0 = Release|Win32
		{011225BE-F292-3531-8615-581EC266E9B6}.MinSizeRel|Win32.ActiveCfg = MinSizeRel|Win32
		{011225BE-F292-3531-8615-581EC266E9B6}.MinSizeRel|Win32.Build.0 = MinSizeRel|Win32
		{011225BE-F292-3531-8615-581EC266E9B6}.RelWithDebInfo|Win32.ActiveCfg = RelWithDebInfo|Win32
		{011225BE-F292-3531-8615-581EC266E9B6}.RelWithDebInfo|Win32.Build.0 = RelWithDebInfo|Win32
		{CA010A36-F5CA-331D-BE32-BA9F44948A69}.Debug|Win32.ActiveCfg = Debug|Win32
		{CA010A36-F5CA-331D-BE32-BA9F44948A69}.Debug|Win32.Build.0 = Debug|Win32
		{CA010A36-F5CA-331D-BE32-BA9F44948A69}.Release|Win32.ActiveCfg = Release|Win32
		{CA010A36-F5CA-331D-BE32-BA9F44948A69}.Release|Win32.Build.0 = Release|Win32
		{CA010A36-F5CA-331D-BE32-BA9F44948A69}.MinSizeRel|Win32.ActiveCfg = MinSizeRel|Win32
		{CA010A36-F5CA-331D-BE32-BA9F44948A69}.MinSizeRel|Win32.Build.0 = MinSizeRel|Win32
		{CA010A36-F5CA-331D-BE32-BA9F44948A69}.RelWithDebInfo|Win32.ActiveCfg = RelWithDebInfo|Win32
		{CA010A36-F5CA-331D-BE32-BA9F44948A69}.RelWithDebInfo|Win32.Build.0 = RelWithDebInfo|Win32
		{7A1E988F-37BC-3E7F-B7E9-510ABDE77B2A}.Debug|Win32.ActiveCfg = Debug|Win32
		{7A1E988F-37BC-3E7F-B7E9-510ABDE77B2A}.Debug|Win32.Build.0 = Debug|Win32
		{7A1E988F-37BC-3E7F-B7E9-510ABDE77B2A}.Release|Win32.ActiveCfg = Release|Win32
		{7A1E988F-37BC-3E7F-B7E9-510ABDE77B2A}.Release|Win32.Build.0 = Release|Win32
		{7A1E988F-37BC-3E7F-B7E9-510ABDE77B2A}.MinSizeRel|Win32.ActiveCfg = MinSizeRel|Win32
		{7A1E988F-37BC-3E7F-B7E9-510ABDE77B2A}.MinSizeRel|Win32.Build.0 = MinSizeRel|Win32
		{7A1E988F-37BC-3E7F-B7E9-510ABDE77B2A}.RelWithDebInfo|Win32.ActiveCfg = RelWithDebInfo|Win32
		{7A1E988F-37BC-3E7F-B7E9-510ABDE77B2A}.RelWithDebInfo|Win32.Build.0 = RelWithDebInfo|Win32
		{BD12897D-03E1-3E4D-B5D2-70F659B74E15}.Debug|Win32.ActiveCfg = Debug|Win32
		{BD12897D-03E1-3E4D-B5D2-70F659B74E15}.Debug|Win32.Build.0 = Debug|Win32
		{BD12897D-03E1-3E4D-B5D2-70F659B74E15}.Release|Win32.ActiveCfg = Release|Win32
		{BD12897D-03E1-3E4D-B5D2-70F659B74E15}.Release|Win32.Build.0 = Release|Win32
		{BD12897D-03E1-3E4D-B5D2-70F659B74E15}.MinSizeRel|Win32.ActiveCfg = MinSizeRel|Win32
		{BD12897D-03E1-3E4D-B5D2-70F659B74E15}.MinSizeRel|Win32.Build.0 = MinSizeRel|Win32
		{BD12897D-03E1-3E4D-B5D2-70F659B74E15}.RelWithDebInfo|Win32.ActiveCfg = RelWithDebInfo|Win32
		{BD12897D-03E1-3E4D-B5D2-70F659B74E15}.RelWithDebInfo|Win32.Build.0 = RelWithDebInfo|Win32
		{E39410C3-77B2-31C2-AF0B-830B3BA10201}.Debug|Win32.ActiveCfg = Debug|Win32
		{E39410C3-77B2-31C2-AF0B-830B3BA10201}.Debug|Win32.Build.0 = Debug|Win32
		{E39410C3-77B2-31C2-AF0B-830B3BA10201}.Release|Win32.ActiveCfg = Release|Win32
		{E39410C3-77B2-31C2-AF0B-830B3BA10201}.Release|Win32.Build.0 = Release|Win32
		{E39410C3-77B2-31C2-AF0B-830B3BA10201}.MinSizeRel|Win32.ActiveCfg = MinSizeRel|Win32
		{E39410C3-77B2-31C2-AF0B-830B3BA10201}.MinSizeRel|Win32.Build.0 = MinSizeRel|Win32
		{E39410C3-77B2-31C2-AF0B-830B3BA10201}.RelWithDebInfo|Win32.ActiveCfg = RelWithDebInfo|Win32
		{E39410C3-77B2-31C2-AF0B-830B3BA10201}.RelWithDebInfo|Win32.Build.0 = RelWithDebInfo|Win32
		{3115569C-8444-3049-9C0D-29E6920BBD4A}.Debug|Win32.ActiveCfg = Debug|Win32
		{3115569C-8444-3049-9C0D-29E6920BBD4A}.Debug|Win32.Build.0 = Debug|Win32
		{3115569C-8444-3049-9C0D-29E6920BBD4A}.Release|Win32.ActiveCfg = Release|Win32
		{3115569C-8444-3049-9C0D-29E6920BBD4A}.Release|Win32.Build.0 = Release|Win32
		{3115569C-8444-3049-9C0D-29E6920BBD4A}.MinSizeRel|Win32.ActiveCfg = MinSizeRel|Win32
		{3115569C-8444-3049-9C0D-29E6920BBD4A}.MinSizeRel|Win32.Build.0 = MinSizeRel|Win32
		{3115569C-8444-3049-9C0D-29E6920BBD4A}.RelWithDebInfo|Win32.ActiveCfg = RelWithDebInfo|Win32
		{3115569C-8444-3049-9C0D-29E6920BBD4A}.RelWithDebInfo|Win32.Build.0 = RelWithDebInfo|Win32
		{B801D66E-68A7-3D29-AC09-2540BF0315C7}.Debug|Win32.ActiveCfg = Debug|Win32
		{B801D66E-68A7-3D29-AC09-2540BF0315C7}.Debug|Win32.Build.0 = Debug|Win32
		{B801D66E-68A7-3D29-AC09-2540BF0315C7}.Release|Win32.ActiveCfg = Release|Win32
		{B801D66E-68A7-3D29-AC09-2540BF0315C7}.Release|Win32.Build.0 = Release|Win32
		{B801D66E-68A7-3D29-AC09-2540BF0315C7}.MinSizeRel|Win32.ActiveCfg = MinSizeRel|Win32
		{B801D66E-68A7-3D29-AC09-2540BF0315C7}.MinSizeRel|Win32.Build.0 = MinSizeRel|Win32
		{B801D66E-68A7-3D29-AC09-2540BF0315C7}.RelWithDebInfo|Win32.ActiveCfg = RelWithDebInfo|Win32
		{B801D66E-68A7-3D29-AC09-2540BF0315C7}.RelWithDebInfo|Win32.Build.0 = RelWithDebInfo|Win32
		{BF10948F-95AC-364B-9867-BA2B1F55A18F}.Debug|Win32.ActiveCfg = Debug|Win32
		{BF10948F-95AC-364B-9867-BA2B1F55A18F}.Debug|Win32.Build.0 = Debug|Win32
		{BF10948F-95AC-364B-9867-BA2B1F55A18F}.Release|Win32.ActiveCfg = Release|Win32
		{BF10948F-95AC-364B-9867-BA2B1F55A18F}.Release|Win32.Build.0 = Release|Win32
		{BF10948F-95AC-364B-9867-BA2B1F55A18F}.MinSizeRel|Win32.ActiveCfg = MinSizeRel|Win32
		{BF10948F-95AC-364B-9867-BA2B1F55A18F}.MinSizeRel|Win32.Build.0 = MinSizeRel|Win32
		{BF10948F-95AC-364B-9867-BA2B1F55A18F}.RelWithDebInfo|Win32.ActiveCfg = RelWithDebInfo|Win32
		{BF10948F-95AC-364B-9867-BA2B1F55A18F}.RelWithDebInfo|Win32.Build.0 = RelWithDebInfo|Win32
		{35F49627-0427-38D8-B9D4-62AA6DC945E6}.Debug|Win32.ActiveCfg = Debug|Win32
		{35F49627-0427-38D8-B9D4-62AA6DC945E6}.Debug|Win32.Build.0 = Debug|Win32
		{35F49627-0427-38D8-B9D4-62AA6DC945E6}.Release|Win32.ActiveCfg = Release|Win32
		{35F49627-0427-38D8-B9D4-62AA6DC945E6}.Release|Win32.Build.0 = Release|Win32
		{35F49627-0427-38D8-B9D4-62AA6DC945E6}.MinSizeRel|Win32.ActiveCfg = MinSizeRel|Win32
		{35F49627-0427-38D8-B9D4-62AA6DC945E6}.MinSizeRel|Win32.Build.0 = MinSizeRel|Win32
		{35F49627-0427-38D8-B9D4-62AA6DC945E6}.RelWithDebInfo|Win32.ActiveCfg = RelWithDebInfo|Win32
		{35F49627-0427-38D8-B9D4-62AA6DC945E6}.RelWithDebInfo|Win32.Build.0 = RelWithDebInfo|Win32
		{2C9C99E6-3606-3AA6-9DA0-9F6DA2D95A23}.Debug|Win32.ActiveCfg = Debug|Win32
		{2C9C99E6-3606-3AA6-9DA0-9F6DA2D95A23}.Debug|Win32.Build.0 = Debug|Win32
		{2C9C99E6-3606-3AA6-9DA0-9F6DA2D95A23}.Release|Win32.ActiveCfg = Release|Win32
		{2C9C99E6-3606-3AA6-9DA0-9F6DA2D95A23}.Release|Win32.Build.0 = Release|Win32
		{2C9C99E6-3606-3AA6-9DA0-9F6DA2D95A23}.MinSizeRel|Win32.ActiveCfg = MinSizeRel|Win32
		{2C9C99E6-3606-3AA6-9DA0-9F6DA2D95A23}.MinSizeRel|Win32.Build.0 = MinSizeRel|Win32
		{2C9C99E6-3606-3AA6-9DA0-9F6DA2D95A23}.RelWithDebInfo|Win32.ActiveCfg = RelWithDebInfo|Win32
		{2C9C99E6-3606-3AA6-9DA0-9F6DA2D95A23}.RelWithDebInfo|Win32.Build.0 = RelWithDebInfo|Win32
		{52EA6BEB-F7F9-3EFE-B7D8-E5BDC53A8AF9}.Debug|Win32.ActiveCfg = Debug|Win32
		{52EA6BEB-F7F9-3EFE-B7D8-E5BDC53A8AF9}.Debug|Win32.Build.0 = Debug|Win32
		{52EA6BEB-F7F9-3EFE-B7D8-E5BDC53A8AF9}.Release|Win32.ActiveCfg = Release|Win32
		{52EA6BEB-F7F9-3EFE-B7D8-E5BDC53A8AF9}.Release|Win32.Build.0 = Release|Win32
		{52EA6BEB-F7F9-3EFE-B7D8-E5BDC53A8AF9}.MinSizeRel|Win32.ActiveCfg = MinSizeRel|Win32
		{52EA6BEB-F7F9-3EFE-B7D8-E5BDC53A8AF9}.MinSizeRel|Win32.Build.0 = MinSizeRel|Win32
		{52EA6BEB-F7F9-3EFE-B7D8-E5BDC53A8AF9}.RelWithDebInfo|Win32.ActiveCfg = RelWithDebInfo|Win32
		{52EA6BEB-F7F9-3EFE-B7D8-E5BDC53A8AF9}.RelWithDebInfo|Win32.Build.0 = RelWithDebInfo|Win32
		{DDB72483-B3D4-3AA4-93D7-0D1F3E5938AF}.Debug|Win32.ActiveCfg = Debug|Win32
		{DDB72483-B3D4-3AA4-93D7-0D1F3E5938AF}.Debug|Win32.Build.0 = Debug|Win32
		{DDB72483-B3D4-3AA4-93D7-0D1F3E5938AF}.Release|Win32.ActiveCfg = Release|Win32
		{DDB72483-B3D4-3AA4-93D7-0D1F3E5938AF}.Release|Win32.Build.0 = Release|Win32
		{DDB72483-B3D4-3AA4-93D7-0D1F3E5938AF}.MinSizeRel|Win32.ActiveCfg = MinSizeRel|Win32
		{DDB72483-B3D4-3AA4-93D7-0D1F3E5938AF}.MinSizeRel|Win32.Build.0 = MinSizeRel|Win32
		{DDB72483-B3D4-3AA4-93D7-0D1F3E5938AF}.RelWithDebInfo|Win32.ActiveCfg = RelWithDebInfo|Win32
		{DDB72483-B3D4-3AA4-93D7-0D1F3E5938AF}.RelWithDebInfo|Win32.Build.0 = RelWithDebInfo|Win32
		{2DD93202-8F58-368A-888A-77A8F199307D}.Debug|Win32.ActiveCfg = Debug|Win32
		{2DD93202-8F58-368A-888A-77A8F199307D}.Debug|Win32.Build.0 = Debug|Win32
		{2DD93202-8F58-368A-888A-77A8F199307D}.Release|Win32.ActiveCfg = Release|Win32
		{2DD93202-8F58-368A-888A-77A8F199307D}.Release|Win32.Build.0 = Release|Win32
		{2DD93202-8F58-368A-888A-77A8F199307D}.MinSizeRel|Win32.ActiveCfg = MinSizeRel|Win32
		{2DD93202-8F58-368A-888A-77A8F199307D}.MinSizeRel|Win32.Build.0 = MinSizeRel|Win32
		{2DD93202-8F58-368A-888A-77A8F199307D}.RelWithDebInfo|Win32.ActiveCfg = RelWithDebInfo|Win32
		{2DD93202-8F58-368A-888A-77A8F199307D}.RelWithDebInfo|Win32.Build.0 = RelWithDebInfo|Win32
		{02B778AF-A660-360F-88DF-EAB8D4600304}.Debug|Win32.ActiveCfg = Debug|Win32
		{02B778AF-A660-360F-88DF-EAB8D4600304}.Debug|Win32.Build.0 = Debug|Win32
		{02B778AF-A660-360F-88DF-EAB8D4600304}.Release|Win32.ActiveCfg = Release|Win32
		{02B778AF-A660-360F-88DF-EAB8D4600304}.Release|Win32.Build.0 = Release|Win32
		{02B778AF-A660-360F-88DF-EAB8D4600304}.MinSizeRel|Win32.ActiveCfg = MinSizeRel|Win32
		{02B778AF-A660-360F-88DF-EAB8D4600304}.MinSizeRel|Win32.Build.0 = MinSizeRel|Win32
		{02B778AF-A660-360F-88DF-EAB8D4600304}.RelWithDebInfo|Win32.ActiveCfg = RelWithDebInfo|Win32
		{02B778AF-A660-360F-88DF-EAB8D4600304}.RelWithDebInfo|Win32.Build.0 = RelWithDebInfo|Win32
		{CF963A15-E654-379B-8231-FE88E412F156}.Debug|Win32.ActiveCfg = Debug|Win32
		{CF963A15-E654-379B-8231-FE88E412F156}.Debug|Win32.Build.0 = Debug|Win32
		{CF963A15-E654-379B-8231-FE88E412F156}.Release|Win32.ActiveCfg = Release|Win32
		{CF963A15-E654-379B-8231-FE88E412F156}.Release|Win32.Build.0 = Release|Win32
		{CF963A15-E654-379B-8231-FE88E412F156}.MinSizeRel|Win32.ActiveCfg = MinSizeRel|Win32
		{CF963A15-E654-379B-8231-FE88E412F156}.MinSizeRel|Win32.Build.0 = MinSizeRel|Win32
		{CF963A15-E654-379B-8231-FE88E412F156}.RelWithDebInfo|Win32.ActiveCfg = RelWithDebInfo|Win32
		{CF963A15-E654-379B-8231-FE88E412F156}.RelWithDebInfo|Win32.Build.0 = RelWithDebInfo|Win32
		{C671D773-90CF-3916-B9E6-016E4F08F108}.Debug|Win32.ActiveCfg = Debug|Win32
		{C671D773-90CF-3916-B9E6-016E4F08F108}.Debug|Win32.Build.0 = Debug|Win32
		{C671D773-90CF-3916-B9E6-016E4F08F108}.Release|Win32.ActiveCfg = Release|Win32
		{C671D773-90CF-3916-B9E6-016E4F08F108}.Release|Win32.Build.0 = Release|Win32
		{C671D773-90CF-3916-B9E6-016E4F08F108}.MinSizeRel|Win32.ActiveCfg = MinSizeRel|Win32
		{C671D773-90CF-3916-B9E6-016E4F08F108}.MinSizeRel|Win32.Build.0 = MinSizeRel|Win32
		{C671D773-90CF-3916-B9E6-016E4F08F108}.RelWithDebInfo|Win32.ActiveCfg = RelWithDebInfo|Win32
		{C671D773-90CF-3916-B9E6-016E4F08F108}.RelWithDebInfo|Win32.Build.0 = RelWithDebInfo|Win32
		{0D0847A1-8509-39B9-B5D2-70B0F46040AA}.Debug|Win32.ActiveCfg = Debug|Win32
		{0D0847A1-8509-39B9-B5D2-70B0F46040AA}.Debug|Win32.Build.0 = Debug|Win32
		{0D0847A1-8509-39B9-B5D2-70B0F46040AA}.Release|Win32.ActiveCfg = Release|Win32
		{0D0847A1-8509-39B9-B5D2-70B0F46040AA}.Release|Win32.Build.0 = Release|Win32
		{0D0847A1-8509-39B9-B5D2-70B0F46040AA}.MinSizeRel|Win32.ActiveCfg = MinSizeRel|Win32
		{0D0847A1-8509-39B9-B5D2-70B0F46040AA}.MinSizeRel|Win32.Build.0 = MinSizeRel|Win32
		{0D0847A1-8509-39B9-B5D2-70B0F46040AA}.RelWithDebInfo|Win32.ActiveCfg = RelWithDebInfo|Win32
		{0D0847A1-8509-39B9-B5D2-70B0F46040AA}.RelWithDebInfo|Win32.Build.0 = RelWithDebInfo|Win32
		{0BB6A4AF-EE01-30CA-9019-B9736479C4C3}.Debug|Win32.ActiveCfg = Debug|Win32
		{0BB6A4AF-EE01-30CA-9019-B9736479C4C3}.Debug|Win32.Build.0 = Debug|Win32
		{0BB6A4AF-EE01-30CA-9019-B9736479C4C3}.Release|Win32.ActiveCfg = Release|Win32
		{0BB6A4AF-EE01-30CA-9019-B9736479C4C3}.Release|Win32.Build.0 = Release|Win32
		{0BB6A4AF-EE01-30CA-9019-B9736479C4C3}.MinSizeRel|Win32.ActiveCfg = MinSizeRel|Win32
		{0BB6A4AF-EE01-30CA-9019-B9736479C4C3}.MinSizeRel|Win32.Build.0 = MinSizeRel|Win32
		{0BB6A4AF-EE01-30CA-9019-B9736479C4C3}.RelWithDebInfo|Win32.ActiveCfg = RelWithDebInfo|Win32
		{0BB6A4AF-EE01-30CA-9019-B9736479C4C3}.RelWithDebInfo|Win32.Build.0 = RelWithDebInfo|Win32
		{CDBC7175-8633-3F8C-B5CC-AE8DBA909BFA}.Debug|Win32.ActiveCfg = Debug|Win32
		{CDBC7175-8633-3F8C-B5CC-AE8DBA909BFA}.Debug|Win32.Build.0 = Debug|Win32
		{CDBC7175-8633-3F8C-B5CC-AE8DBA909BFA}.Release|Win32.ActiveCfg = Release|Win32
		{CDBC7175-8633-3F8C-B5CC-AE8DBA909BFA}.Release|Win32.Build.0 = Release|Win32
		{CDBC7175-8633-3F8C-B5CC-AE8DBA909BFA}.MinSizeRel|Win32.ActiveCfg = MinSizeRel|Win32
		{CDBC7175-8633-3F8C-B5CC-AE8DBA909BFA}.MinSizeRel|Win32.Build.0 = MinSizeRel|Win32
		{CDBC7175-8633-3F8C-B5CC-AE8DBA909BFA}.RelWithDebInfo|Win32.ActiveCfg = RelWithDebInfo|Win32
		{CDBC7175-8633-3F8C-B5CC-AE8DBA909BFA}.RelWithDebInfo|Win32.Build.0 = RelWithDebInfo|Win32
		{19A79548-74E9-3101-86AF-3F47DF00F7EA}.Debug|Win32.ActiveCfg = Debug|Win32
		{19A79548-74E9-3101-86AF-3F47DF00F7EA}.Debug|Win32.Build.0 = Debug|Win32
		{19A79548-74E9-3101-86AF-3F47DF00F7EA}.Release|Win32.ActiveCfg = Release|Win32
		{19A79548-74E9-3101-86AF-3F47DF00F7EA}.Release|Win32.Build.0 = Release|Win32
		{19A79548-74E9-3101-86AF-3F47DF00F7EA}.MinSizeRel|Win32.ActiveCfg = MinSizeRel|Win32
		{19A79548-74E9-3101-86AF-3F47DF00F7EA}.MinSizeRel|Win32.Build.0 = MinSizeRel|Win32
		{19A79548-74E9-3101-86AF-3F47DF00F7EA}.RelWithDebInfo|Win32.ActiveCfg = RelWithDebInfo|Win32
		{19A79548-74E9-3101-86AF-3F47DF00F7EA}.RelWithDebInfo|Win32.Build.0 = RelWithDebInfo|Win32
		{C81A01BB-12A8-3D12-A4AA-6E667B5BE6FC}.Debug|Win32.ActiveCfg = Debug|Win32
		{C81A01BB-12A8-3D12-A4AA-6E667B5BE6FC}.Debug|Win32.Build.0 = Debug|Win32
		{C81A01BB-12A8-3D12-A4AA-6E667B5BE6FC}.Release|Win32.ActiveCfg = Release|Win32
		{C81A01BB-12A8-3D12-A4AA-6E667B5BE6FC}.Release|Win32.Build.0 = Release|Win32
		{C81A01BB-12A8-3D12-A4AA-6E667B5BE6FC}.MinSizeRel|Win32.ActiveCfg = MinSizeRel|Win32
		{C81A01BB-12A8-3D12-A4AA-6E667B5BE6FC}.MinSizeRel|Win32.Build.0 = MinSizeRel|Win32
		{C81A01BB-12A8-3D12-A4AA-6E667B5BE6FC}.RelWithDebInfo|Win32.ActiveCfg = RelWithDebInfo|Win32
		{C81A01BB-12A8-3D12-A4AA-6E667B5BE6FC}.RelWithDebInfo|Win32.Build.0 = RelWithDebInfo|Win32
		{96B0ED0D-0819-37A3-9B26-1A5660BCAF67}.Debug|Win32.ActiveCfg = Debug|Win32
		{96B0ED0D-0819-37A3-9B26-1A5660BCAF67}.Debug|Win32.Build.0 = Debug|Win32
		{96B0ED0D-0819-37A3-9B26-1A5660BCAF67}.Release|Win32.ActiveCfg = Release|Win32
		{96B0ED0D-0819-37A3-9B26-1A5660BCAF67}.Release|Win32.Build.0 = Release|Win32
		{96B0ED0D-0819-37A3-9B26-1A5660BCAF67}.MinSizeRel|Win32.ActiveCfg = MinSizeRel|Win32
		{96B0ED0D-0819-37A3-9B26-1A5660BCAF67}.MinSizeRel|Win32.Build.0 = MinSizeRel|Win32
		{96B0ED0D-0819-37A3-9B26-1A5660BCAF67}.RelWithDebInfo|Win32.ActiveCfg = RelWithDebInfo|Win32
		{96B0ED0D-0819-37A3-9B26-1A5660BCAF67}.RelWithDebInfo|Win32.Build.0 = RelWithDebInfo|Win32
		{05D44944-30C4-3FC5-A9CA-5E1FB6ADE989}.Debug|Win32.ActiveCfg = Debug|Win32
		{05D44944-30C4-3FC5-A9CA-5E1FB6ADE989}.Debug|Win32.Build.0 = Debug|Win32
		{05D44944-30C4-3FC5-A9CA-5E1FB6ADE989}.Release|Win32.ActiveCfg = Release|Win32
		{05D44944-30C4-3FC5-A9CA-5E1FB6ADE989}.Release|Win32.Build.0 = Release|Win32
		{05D44944-30C4-3FC5-A9CA-5E1FB6ADE989}.MinSizeRel|Win32.ActiveCfg = MinSizeRel|Win32
		{05D44944-30C4-3FC5-A9CA-5E1FB6ADE989}.MinSizeRel|Win32.Build.0 = MinSizeRel|Win32
		{05D44944-30C4-3FC5-A9CA-5E1FB6ADE989}.RelWithDebInfo|Win32.ActiveCfg = RelWithDebInfo|Win32
		{05D44944-30C4-3FC5-A9CA-5E1FB6ADE989}.RelWithDebInfo|Win32.Build.0 = RelWithDebInfo|Win32
		{CFEB6585-63A8-31B5-8A3E-78C0F0BF2423}.Debug|Win32.ActiveCfg = Debug|Win32
		{CFEB6585-63A8-31B5-8A3E-78C0F0BF2423}.Debug|Win32.Build.0 = Debug|Win32
		{CFEB6585-63A8-31B5-8A3E-78C0F0BF2423}.Release|Win32.ActiveCfg = Release|Win32
		{CFEB6585-63A8-31B5-8A3E-78C0F0BF2423}.Release|Win32.Build.0 = Release|Win32
		{CFEB6585-63A8-31B5-8A3E-78C0F0BF2423}.MinSizeRel|Win32.ActiveCfg = MinSizeRel|Win32
		{CFEB6585-63A8-31B5-8A3E-78C0F0BF2423}.MinSizeRel|Win32.Build.0 = MinSizeRel|Win32
		{CFEB6585-63A8-31B5-8A3E-78C0F0BF2423}.RelWithDebInfo|Win32.ActiveCfg = RelWithDebInfo|Win32
		{CFEB6585-63A8-31B5-8A3E-78C0F0BF2423}.RelWithDebInfo|Win32.Build.0 = RelWithDebInfo|Win32
		{28128281-4592-3D74-BCA7-82DDE3EC89CD}.Debug|Win32.ActiveCfg = Debug|Win32
		{28128281-4592-3D74-BCA7-82DDE3EC89CD}.Release|Win32.ActiveCfg = Release|Win32
		{28128281-4592-3D74-BCA7-82DDE3EC89CD}.MinSizeRel|Win32.ActiveCfg = MinSizeRel|Win32
		{28128281-4592-3D74-BCA7-82DDE3EC89CD}.RelWithDebInfo|Win32.ActiveCfg = RelWithDebInfo|Win32
		{3E44C469-1376-3387-98E9-B35CFC06D381}.Debug|Win32.ActiveCfg = Debug|Win32
		{3E44C469-1376-3387-98E9-B35CFC06D381}.Debug|Win32.Build.0 = Debug|Win32
		{3E44C469-1376-3387-98E9-B35CFC06D381}.Release|Win32.ActiveCfg = Release|Win32
		{3E44C469-1376-3387-98E9-B35CFC06D381}.Release|Win32.Build.0 = Release|Win32
		{3E44C469-1376-3387-98E9-B35CFC06D381}.MinSizeRel|Win32.ActiveCfg = MinSizeRel|Win32
		{3E44C469-1376-3387-98E9-B35CFC06D381}.MinSizeRel|Win32.Build.0 = MinSizeRel|Win32
		{3E44C469-1376-3387-98E9-B35CFC06D381}.RelWithDebInfo|Win32.ActiveCfg = RelWithDebInfo|Win32
		{3E44C469-1376-3387-98E9-B35CFC06D381}.RelWithDebInfo|Win32.Build.0 = RelWithDebInfo|Win32
		{EA364919-148B-3357-AF68-EABBEC970EF2}.Debug|Win32.ActiveCfg = Debug|Win32
		{EA364919-148B-3357-AF68-EABBEC970EF2}.Debug|Win32.Build.0 = Debug|Win32
		{EA364919-148B-3357-AF68-EABBEC970EF2}.Release|Win32.ActiveCfg = Release|Win32
		{EA364919-148B-3357-AF68-EABBEC970EF2}.Release|Win32.Build.0 = Release|Win32
		{EA364919-148B-3357-AF68-EABBEC970EF2}.MinSizeRel|Win32.ActiveCfg = MinSizeRel|Win32
		{EA364919-148B-3357-AF68-EABBEC970EF2}.MinSizeRel|Win32.Build.0 = MinSizeRel|Win32
		{EA364919-148B-3357-AF68-EABBEC970EF2}.RelWithDebInfo|Win32.ActiveCfg = RelWithDebInfo|Win32
		{EA364919-148B-3357-AF68-EABBEC970EF2}.RelWithDebInfo|Win32.Build.0 = RelWithDebInfo|Win32
		{C9E64E24-7D9E-33FA-A39D-D52DD34CA138}.Debug|Win32.ActiveCfg = Debug|Win32
		{C9E64E24-7D9E-33FA-A39D-D52DD34CA138}.Release|Win32.ActiveCfg = Release|Win32
		{C9E64E24-7D9E-33FA-A39D-D52DD34CA138}.MinSizeRel|Win32.ActiveCfg = MinSizeRel|Win32
		{C9E64E24-7D9E-33FA-A39D-D52DD34CA138}.RelWithDebInfo|Win32.ActiveCfg = RelWithDebInfo|Win32
		{B2CC10D2-4BE0-326B-89F7-6979696C6F1F}.Debug|Win32.ActiveCfg = Debug|Win32
		{B2CC10D2-4BE0-326B-89F7-6979696C6F1F}.Debug|Win32.Build.0 = Debug|Win32
		{B2CC10D2-4BE0-326B-89F7-6979696C6F1F}.Release|Win32.ActiveCfg = Release|Win32
		{B2CC10D2-4BE0-326B-89F7-6979696C6F1F}.Release|Win32.Build.0 = Release|Win32
		{B2CC10D2-4BE0-326B-89F7-6979696C6F1F}.MinSizeRel|Win32.ActiveCfg = MinSizeRel|Win32
		{B2CC10D2-4BE0-326B-89F7-6979696C6F1F}.MinSizeRel|Win32.Build.0 = MinSizeRel|Win32
		{B2CC10D2-4BE0-326B-89F7-6979696C6F1F}.RelWithDebInfo|Win32.ActiveCfg = RelWithDebInfo|Win32
		{B2CC10D2-4BE0-326B-89F7-6979696C6F1F}.RelWithDebInfo|Win32.Build.0 = RelWithDebInfo|Win32
		{75E5530C-4DBE-39C6-9DD5-2636BB09CF79}.Debug|Win32.ActiveCfg = Debug|Win32
		{75E5530C-4DBE-39C6-9DD5-2636BB09CF79}.Debug|Win32.Build.0 = Debug|Win32
		{75E5530C-4DBE-39C6-9DD5-2636BB09CF79}.Release|Win32.ActiveCfg = Release|Win32
		{75E5530C-4DBE-39C6-9DD5-2636BB09CF79}.Release|Win32.Build.0 = Release|Win32
		{75E5530C-4DBE-39C6-9DD5-2636BB09CF79}.MinSizeRel|Win32.ActiveCfg = MinSizeRel|Win32
		{75E5530C-4DBE-39C6-9DD5-2636BB09CF79}.MinSizeRel|Win32.Build.0 = MinSizeRel|Win32
		{75E5530C-4DBE-39C6-9DD5-2636BB09CF79}.RelWithDebInfo|Win32.ActiveCfg = RelWithDebInfo|Win32
		{75E5530C-4DBE-39C6-9DD5-2636BB09CF79}.RelWithDebInfo|Win32.Build.0 = RelWithDebInfo|Win32
		{000FDD15-668A-3E65-9909-BC0E3157F1C0}.Debug|Win32.ActiveCfg = Debug|Win32
		{000FDD15-668A-3E65-9909-BC0E3157F1C0}.Debug|Win32.Build.0 = Debug|Win32
		{000FDD15-668A-3E65-9909-BC0E3157F1C0}.Release|Win32.ActiveCfg = Release|Win32
		{000FDD15-668A-3E65-9909-BC0E3157F1C0}.Release|Win32.Build.0 = Release|Win32
		{000FDD15-668A-3E65-9909-BC0E3157F1C0}.MinSizeRel|Win32.ActiveCfg = MinSizeRel|Win32
		{000FDD15-668A-3E65-9909-BC0E3157F1C0}.MinSizeRel|Win32.Build.0 = MinSizeRel|Win32
		{000FDD15-668A-3E65-9909-BC0E3157F1C0}.RelWithDebInfo|Win32.ActiveCfg = RelWithDebInfo|Win32
		{000FDD15-668A-3E65-9909-BC0E3157F1C0}.RelWithDebInfo|Win32.Build.0 = RelWithDebInfo|Win32
		{9D8BF150-7F4E-38DE-A153-8800955DB6AE}.Debug|Win32.ActiveCfg = Debug|Win32
		{9D8BF150-7F4E-38DE-A153-8800955DB6AE}.Debug|Win32.Build.0 = Debug|Win32
		{9D8BF150-7F4E-38DE-A153-8800955DB6AE}.Release|Win32.ActiveCfg = Release|Win32
		{9D8BF150-7F4E-38DE-A153-8800955DB6AE}.Release|Win32.Build.0 = Release|Win32
		{9D8BF150-7F4E-38DE-A153-8800955DB6AE}.MinSizeRel|Win32.ActiveCfg = MinSizeRel|Win32
		{9D8BF150-7F4E-38DE-A153-8800955DB6AE}.MinSizeRel|Win32.Build.0 = MinSizeRel|Win32
		{9D8BF150-7F4E-38DE-A153-8800955DB6AE}.RelWithDebInfo|Win32.ActiveCfg = RelWithDebInfo|Win32
		{9D8BF150-7F4E-38DE-A153-8800955DB6AE}.RelWithDebInfo|Win32.Build.0 = RelWithDebInfo|Win32
		{D7808CB9-97DA-3B77-AE4D-7542E426BB92}.Debug|Win32.ActiveCfg = Debug|Win32
		{D7808CB9-97DA-3B77-AE4D-7542E426BB92}.Debug|Win32.Build.0 = Debug|Win32
		{D7808CB9-97DA-3B77-AE4D-7542E426BB92}.Release|Win32.ActiveCfg = Release|Win32
		{D7808CB9-97DA-3B77-AE4D-7542E426BB92}.Release|Win32.Build.0 = Release|Win32
		{D7808CB9-97DA-3B77-AE4D-7542E426BB92}.MinSizeRel|Win32.ActiveCfg = MinSizeRel|Win32
		{D7808CB9-97DA-3B77-AE4D-7542E426BB92}.MinSizeRel|Win32.Build.0 = MinSizeRel|Win32
		{D7808CB9-97DA-3B77-AE4D-7542E426BB92}.RelWithDebInfo|Win32.ActiveCfg = RelWithDebInfo|Win32
		{D7808CB9-97DA-3B77-AE4D-7542E426BB92}.RelWithDebInfo|Win32.Build.0 = RelWithDebInfo|Win32
		{953EE004-28FA-3C34-BA1B-95015C60FFA6}.Debug|Win32.ActiveCfg = Debug|Win32
		{953EE004-28FA-3C34-BA1B-95015C60FFA6}.Debug|Win32.Build.0 = Debug|Win32
		{953EE004-28FA-3C34-BA1B-95015C60FFA6}.Release|Win32.ActiveCfg = Release|Win32
		{953EE004-28FA-3C34-BA1B-95015C60FFA6}.Release|Win32.Build.0 = Release|Win32
		{953EE004-28FA-3C34-BA1B-95015C60FFA6}.MinSizeRel|Win32.ActiveCfg = MinSizeRel|Win32
		{953EE004-28FA-3C34-BA1B-95015C60FFA6}.MinSizeRel|Win32.Build.0 = MinSizeRel|Win32
		{953EE004-28FA-3C34-BA1B-95015C60FFA6}.RelWithDebInfo|Win32.ActiveCfg = RelWithDebInfo|Win32
		{953EE004-28FA-3C34-BA1B-95015C60FFA6}.RelWithDebInfo|Win32.Build.0 = RelWithDebInfo|Win32
		{490638C7-5086-3DCA-AF69-02B650814897}.Debug|Win32.ActiveCfg = Debug|Win32
		{490638C7-5086-3DCA-AF69-02B650814897}.Debug|Win32.Build.0 = Debug|Win32
		{490638C7-5086-3DCA-AF69-02B650814897}.Release|Win32.ActiveCfg = Release|Win32
		{490638C7-5086-3DCA-AF69-02B650814897}.Release|Win32.Build.0 = Release|Win32
		{490638C7-5086-3DCA-AF69-02B650814897}.MinSizeRel|Win32.ActiveCfg = MinSizeRel|Win32
		{490638C7-5086-3DCA-AF69-02B650814897}.MinSizeRel|Win32.Build.0 = MinSizeRel|Win32
		{490638C7-5086-3DCA-AF69-02B650814897}.RelWithDebInfo|Win32.ActiveCfg = RelWithDebInfo|Win32
		{490638C7-5086-3DCA-AF69-02B650814897}.RelWithDebInfo|Win32.Build.0 = RelWithDebInfo|Win32
		{90DFD1D1-281F-3322-9650-3F166924C974}.Debug|Win32.ActiveCfg = Debug|Win32
		{90DFD1D1-281F-3322-9650-3F166924C974}.Debug|Win32.Build.0 = Debug|Win32
		{90DFD1D1-281F-3322-9650-3F166924C974}.Release|Win32.ActiveCfg = Release|Win32
		{90DFD1D1-281F-3322-9650-3F166924C974}.Release|Win32.Build.0 = Release|Win32
		{90DFD1D1-281F-3322-9650-3F166924C974}.MinSizeRel|Win32.ActiveCfg = MinSizeRel|Win32
		{90DFD1D1-281F-3322-9650-3F166924C974}.MinSizeRel|Win32.Build.0 = MinSizeRel|Win32
		{90DFD1D1-281F-3322-9650-3F166924C974}.RelWithDebInfo|Win32.ActiveCfg = RelWithDebInfo|Win32
		{90DFD1D1-281F-3322-9650-3F166924C974}.RelWithDebInfo|Win32.Build.0 = RelWithDebInfo|Win32
		{D7CF5B62-FC73-3E79-8819-73274361C5E1}.Debug|Win32.ActiveCfg = Debug|Win32
		{D7CF5B62-FC73-3E79-8819-73274361C5E1}.Debug|Win32.Build.0 = Debug|Win32
		{D7CF5B62-FC73-3E79-8819-73274361C5E1}.Release|Win32.ActiveCfg = Release|Win32
		{D7CF5B62-FC73-3E79-8819-73274361C5E1}.Release|Win32.Build.0 = Release|Win32
		{D7CF5B62-FC73-3E79-8819-73274361C5E1}.MinSizeRel|Win32.ActiveCfg = MinSizeRel|Win32
		{D7CF5B62-FC73-3E79-8819-73274361C5E1}.MinSizeRel|Win32.Build.0 = MinSizeRel|Win32
		{D7CF5B62-FC73-3E79-8819-73274361C5E1}.RelWithDebInfo|Win32.ActiveCfg = RelWithDebInfo|Win32
		{D7CF5B62-FC73-3E79-8819-73274361C5E1}.RelWithDebInfo|Win32.Build.0 = RelWithDebInfo|Win32
		{3F324021-E025-3ABD-92E9-35DAFEF490D2}.Debug|Win32.ActiveCfg = Debug|Win32
		{3F324021-E025-3ABD-92E9-35DAFEF490D2}.Debug|Win32.Build.0 = Debug|Win32
		{3F324021-E025-3ABD-92E9-35DAFEF490D2}.Release|Win32.ActiveCfg = Release|Win32
		{3F324021-E025-3ABD-92E9-35DAFEF490D2}.Release|Win32.Build.0 = Release|Win32
		{3F324021-E025-3ABD-92E9-35DAFEF490D2}.MinSizeRel|Win32.ActiveCfg = MinSizeRel|Win32
		{3F324021-E025-3ABD-92E9-35DAFEF490D2}.MinSizeRel|Win32.Build.0 = MinSizeRel|Win32
		{3F324021-E025-3ABD-92E9-35DAFEF490D2}.RelWithDebInfo|Win32.ActiveCfg = RelWithDebInfo|Win32
		{3F324021-E025-3ABD-92E9-35DAFEF490D2}.RelWithDebInfo|Win32.Build.0 = RelWithDebInfo|Win32
		{2B212810-4863-335F-9192-73F34577AAAA}.Debug|Win32.ActiveCfg = Debug|Win32
		{2B212810-4863-335F-9192-73F34577AAAA}.Debug|Win32.Build.0 = Debug|Win32
		{2B212810-4863-335F-9192-73F34577AAAA}.Release|Win32.ActiveCfg = Release|Win32
		{2B212810-4863-335F-9192-73F34577AAAA}.Release|Win32.Build.0 = Release|Win32
		{2B212810-4863-335F-9192-73F34577AAAA}.MinSizeRel|Win32.ActiveCfg = MinSizeRel|Win32
		{2B212810-4863-335F-9192-73F34577AAAA}.MinSizeRel|Win32.Build.0 = MinSizeRel|Win32
		{2B212810-4863-335F-9192-73F34577AAAA}.RelWithDebInfo|Win32.ActiveCfg = RelWithDebInfo|Win32
		{2B212810-4863-335F-9192-73F34577AAAA}.RelWithDebInfo|Win32.Build.0 = RelWithDebInfo|Win32
	EndGlobalSection
	GlobalSection(ExtensibilityGlobals) = postSolution
	EndGlobalSection
	GlobalSection(ExtensibilityAddIns) = postSolution
	EndGlobalSection
EndGlobal
