<?xml version="1.0" encoding="utf-8"?>
<Project ToolsVersion="4.0" xmlns="http://schemas.microsoft.com/developer/msbuild/2003">
  <ItemGroup>
    <Filter Include="Common">
      <UniqueIdentifier>7d8901bf-df25-4507-ae16-28ec0dc36403</UniqueIdentifier>
    </Filter>
    <Filter Include="Assets">
      <UniqueIdentifier>97904335-1722-4a31-8c56-e295f2244ac8</UniqueIdentifier>
      <Extensions>ico;cur;bmp;dds;dlg;fbx;rct;bin;rgs;gif;jpg;jpeg;jpe;resx;tga;tiff;tif;png;wav;mfcribbon-ms;spritefont;cmo</Extensions>
    </Filter>
  </ItemGroup>
  <ItemGroup>
    <ClInclude Include="pch.h" />
    <ClInclude Include="Game.h" />
    <ClInclude Include="StepTimer.h">
      <Filter>Common</Filter>
    </ClInclude>
    <ClInclude Include="DeviceResources.h">
      <Filter>Common</Filter>
    </ClInclude>
    <ClInclude Include="Component.h" />
    <ClInclude Include="GameObject.h" />
    <ClInclude Include="RectTransform.h" />
    <ClInclude Include="UIImageRenderer.h" />
    <ClInclude Include="UITextRenderer.h" />
    <ClInclude Include="PhysicsManager.h" />
    <ClInclude Include="ModelRenderer.h" />
    <ClInclude Include="Camera.h" />
    <ClInclude Include="CameraFollow.h" />
    <ClInclude Include="Scene.h" />
    <ClInclude Include="ShipController.h" />
    <ClInclude Include="TrackManager.h" />
    <ClInclude Include="Transform.h" />
    <ClInclude Include="Collider.h" />
    <ClInclude Include="BoxCollider.h" />
    <ClInclude Include="DebugDraw.h" />
    <ClInclude Include="MyMotionState.h" />
    <ClInclude Include="AssetHelper.h" />
    <ClInclude Include="PrefabLoader.h" />
    <ClInclude Include="Object.h" />
    <ClInclude Include="MeshCollider.h" />
  </ItemGroup>
  <ItemGroup>
    <ClCompile Include="pch.cpp" />
    <ClCompile Include="Game.cpp" />
    <ClCompile Include="Main.cpp" />
    <ClCompile Include="DeviceResources.cpp">
      <Filter>Common</Filter>
    </ClCompile>
    <ClCompile Include="Component.cpp" />
    <ClCompile Include="GameObject.cpp" />
    <ClCompile Include="RectTransform.cpp" />
    <ClCompile Include="UIImageRenderer.cpp" />
    <ClCompile Include="UITextRenderer.cpp" />
    <ClCompile Include="PhysicsManager.cpp" />
    <ClCompile Include="ModelRenderer.cpp" />
    <ClCompile Include="Camera.cpp" />
    <ClCompile Include="CameraFollow.cpp" />
    <ClCompile Include="Scene.cpp" />
    <ClCompile Include="ShipController.cpp" />
    <ClCompile Include="TrackManager.cpp" />
    <ClCompile Include="Transform.cpp" />
    <ClCompile Include="Collider.cpp" />
    <ClCompile Include="BoxCollider.cpp" />
    <ClCompile Include="DebugDraw.cpp" />
    <ClCompile Include="MyMotionState.cpp" />
    <ClCompile Include="AssetHelper.cpp" />
    <ClCompile Include="PrefabLoader.cpp" />
    <ClCompile Include="Object.cpp" />
    <ClCompile Include="MeshCollider.cpp" />
  </ItemGroup>
  <ItemGroup>
    <ResourceCompile Include="resource.rc" />
  </ItemGroup>
  <ItemGroup>
    <Image Include="directx.ico">
      <Filter>Assets</Filter>
    </Image>
    <Image Include="GameTitle.png">
      <Filter>Assets</Filter>
    </Image>
    <Image Include="Arrow.png">
      <Filter>Assets</Filter>
    </Image>
    <Image Include="..\..\..\That 80%27s Game\That80sGame\Project\GridThin.png">
      <Filter>Assets</Filter>
    </Image>
    <Image Include="..\..\..\That 80%27s Game\That80sGame\Project\GridThin.dds">
      <Filter>Assets</Filter>
    </Image>
    <Image Include="..\..\..\That 80%27s Game\That80sGame\Project\Sun.dds">
      <Filter>Assets</Filter>
    </Image>
    <Image Include="GameOver.png">
      <Filter>Assets</Filter>
    </Image>
  </ItemGroup>
  <ItemGroup>
    <Manifest Include="settings.manifest">
      <Filter>Assets</Filter>
    </Manifest>
  </ItemGroup>
  <ItemGroup>
    <None Include="StillTime64.spritefont">
      <Filter>Assets</Filter>
    </None>
    <None Include="packages.config" />
    <None Include="Assets\Models\MenuTerrain.cmo">
      <Filter>Assets</Filter>
    </None>
    <None Include="Assets\Models\Ship01.cmo">
      <Filter>Assets</Filter>
    </None>
    <None Include="Assets\Models\Sun.cmo">
      <Filter>Assets</Filter>
    </None>
    <None Include="Assets\Models\TestGrid500.cmo">
      <Filter>Assets</Filter>
    </None>
    <None Include="Assets\Models\Tower01.cmo">
      <Filter>Assets</Filter>
    </None>
  </ItemGroup>
</Project>